{
  "name": "radiopaedia-studio-node-sidecar",
  "version": "0.1.0",
  "lockfileVersion": 3,
  "requires": true,
  "packages": {
    "": {
      "name": "radiopaedia-studio-node-sidecar",
      "version": "0.1.0",
      "dependencies": {
        "dicomanon": "github:radiopaedia/dicom-anonymiser#semver:^0.4.3"
      }
    },
    "node_modules/dicomanon": {
      "version": "0.4.3",
      "resolved": "git+ssh://git@github.com/radiopaedia/dicom-anonymiser.git#cb9f8db321902c3a22262927572f5b442e90e6b1",
      "license": "AGPL-3.0-only"
    }
  }
}
